
Microsoft Visual Studio Solution File, Format Version 12.00
# Visual Studio Version 17
VisualStudioVersion = 17.8.34316.72
MinimumVisualStudioVersion = 10.0.40219.1
Project("{FAE04EC0-301F-11D3-BF4B-00C04F79EFBC}") = "EuroMilRegisterClient", "EuroMilRegisterClient\EuroMilRegisterClient.csproj", "{75506436-9688-40A7-A6CB-2BF761348278}"
EndProject
Global
	GlobalSection(SolutionConfigurationPlatforms) = preSolution
		Debug|Any CPU = Debug|Any CPU
		Release|Any CPU = Release|Any CPU
	EndGlobalSection
	GlobalSection(ProjectConfigurationPlatforms) = postSolution
		{75506436-9688-40A7-A6CB-2BF761348278}.Debug|Any CPU.ActiveCfg = Debug|Any CPU
		{75506436-9688-40A7-A6CB-2BF761348278}.Debug|Any CPU.Build.0 = Debug|Any CPU
		{75506436-9688-40A7-A6CB-2BF761348278}.Release|Any CPU.ActiveCfg = Release|Any CPU
		{75506436-9688-40A7-A6CB-2BF761348278}.Release|Any CPU.Build.0 = Release|Any CPU
	EndGlobalSection
	GlobalSection(SolutionProperties) = preSolution
		HideSolutionNode = FALSE
	EndGlobalSection
	GlobalSection(ExtensibilityGlobals) = postSolution
		SolutionGuid = {8C678F24-2D09-4271-A788-4C35B7950A49}
	EndGlobalSection
EndGlobal
