
Microsoft Visual Studio Solution File, Format Version 12.00
# Visual Studio Version 17
VisualStudioVersion = 17.8.34316.72
MinimumVisualStudioVersion = 10.0.40219.1
Project("{FAE04EC0-301F-11D3-BF4B-00C04F79EFBC}") = "EuroMilRegisterServer", "EuroMilRegisterServer\EuroMilRegisterServer.csproj", "{972761B7-E0C6-4E97-8A6D-F6DC3265032F}"
EndProject
Global
	GlobalSection(SolutionConfigurationPlatforms) = preSolution
		Debug|Any CPU = Debug|Any CPU
		Release|Any CPU = Release|Any CPU
	EndGlobalSection
	GlobalSection(ProjectConfigurationPlatforms) = postSolution
		{972761B7-E0C6-4E97-8A6D-F6DC3265032F}.Debug|Any CPU.ActiveCfg = Debug|Any CPU
		{972761B7-E0C6-4E97-8A6D-F6DC3265032F}.Debug|Any CPU.Build.0 = Debug|Any CPU
		{972761B7-E0C6-4E97-8A6D-F6DC3265032F}.Release|Any CPU.ActiveCfg = Release|Any CPU
		{972761B7-E0C6-4E97-8A6D-F6DC3265032F}.Release|Any CPU.Build.0 = Release|Any CPU
	EndGlobalSection
	GlobalSection(SolutionProperties) = preSolution
		HideSolutionNode = FALSE
	EndGlobalSection
	GlobalSection(ExtensibilityGlobals) = postSolution
		SolutionGuid = {FB7A1E94-2AE2-4961-80D1-BC7CE2CD4E0D}
	EndGlobalSection
EndGlobal
